#
# This file is autogenerated by pip-compile with Python 3.11
# by the following command:
#
#    pip-compile --output-file=requirements.lock scripts/requirements.txt
#
aiohappyeyeballs==2.6.1
    # via aiohttp
aiohttp==3.13.5
    # via voyageai
aiolimiter==1.2.1
    # via voyageai
aiosignal==1.4.0
    # via aiohttp
annotated-doc==0.0.4
    # via typer
annotated-types==0.7.0
    # via pydantic
anyio==4.13.0
    # via httpx
attrs==26.1.0
    # via aiohttp
cachetools==6.2.6
    # via pyiceberg
certifi==2026.2.25
    # via
    #   httpcore
    #   httpx
    #   requests
    #   xero-python
cffi==2.0.0
    # via cryptography
charset-normalizer==3.4.7
    # via requests
click==8.3.2
    # via
    #   pyiceberg
    #   typer
cryptography==46.0.7
    # via
    #   msal
    #   pyjwt
deprecation==2.1.0
    # via
    #   postgrest
    #   storage3
ffmpeg-python==0.2.0
    # via voyageai
filelock==3.28.0
    # via huggingface-hub
frozenlist==1.8.0
    # via
    #   aiohttp
    #   aiosignal
fsspec==2026.3.0
    # via
    #   huggingface-hub
    #   pyiceberg
future==1.0.0
    # via ffmpeg-python
h11==0.16.0
    # via httpcore
h2==4.3.0
    # via httpx
hf-xet==1.4.3
    # via huggingface-hub
hpack==4.1.0
    # via h2
httpcore==1.0.9
    # via httpx
httpx[http2]==0.28.1
    # via
    #   huggingface-hub
    #   langsmith
    #   postgrest
    #   storage3
    #   supabase
    #   supabase-auth
    #   supabase-functions
huggingface-hub==1.11.0
    # via tokenizers
hyperframe==6.1.0
    # via h2
idna==3.11
    # via
    #   anyio
    #   httpx
    #   requests
    #   yarl
jsonpatch==1.33
    # via langchain-core
jsonpointer==3.1.1
    # via jsonpatch
langchain-core==1.3.0
    # via langchain-text-splitters
langchain-text-splitters==1.1.2
    # via voyageai
langsmith==0.7.32
    # via langchain-core
markdown-it-py==4.0.0
    # via rich
mdurl==0.1.2
    # via markdown-it-py
mmh3==5.2.1
    # via pyiceberg
msal==1.36.0
    # via -r scripts/requirements.txt
multidict==6.7.1
    # via
    #   aiohttp
    #   yarl
numpy==2.4.4
    # via voyageai
orjson==3.11.8
    # via langsmith
packaging==26.1
    # via
    #   deprecation
    #   huggingface-hub
    #   langchain-core
    #   langsmith
pillow==12.2.0
    # via voyageai
postgrest==2.28.3
    # via supabase
propcache==0.4.1
    # via
    #   aiohttp
    #   yarl
pycparser==3.0
    # via cffi
pydantic==2.13.2
    # via
    #   langchain-core
    #   langsmith
    #   postgrest
    #   pyiceberg
    #   realtime
    #   storage3
    #   supabase-auth
    #   voyageai
pydantic-core==2.46.2
    # via pydantic
pygments==2.20.0
    # via rich
pyiceberg==0.11.1
    # via storage3
pyjwt[crypto]==2.12.1
    # via
    #   msal
    #   supabase-auth
pyparsing==3.3.2
    # via pyiceberg
pyroaring==1.0.4
    # via pyiceberg
python-dateutil==2.9.0.post0
    # via
    #   strictyaml
    #   xero-python
pyyaml==6.0.3
    # via
    #   huggingface-hub
    #   langchain-core
realtime==2.28.3
    # via supabase
requests==2.33.1
    # via
    #   -r scripts/requirements.txt
    #   langsmith
    #   msal
    #   pyiceberg
    #   requests-toolbelt
    #   voyageai
requests-toolbelt==1.0.0
    # via langsmith
rich==14.3.4
    # via
    #   pyiceberg
    #   typer
shellingham==1.5.4
    # via typer
six==1.17.0
    # via python-dateutil
storage3==2.28.3
    # via supabase
strenum==0.4.15
    # via supabase-functions
strictyaml==1.7.3
    # via pyiceberg
supabase==2.28.3
    # via -r scripts/requirements.txt
supabase-auth==2.28.3
    # via supabase
supabase-functions==2.28.3
    # via supabase
tenacity==9.1.4
    # via
    #   langchain-core
    #   pyiceberg
    #   voyageai
tokenizers==0.22.2
    # via voyageai
tqdm==4.67.3
    # via huggingface-hub
typer==0.24.1
    # via huggingface-hub
typing-extensions==4.15.0
    # via
    #   aiosignal
    #   anyio
    #   huggingface-hub
    #   langchain-core
    #   pydantic
    #   pydantic-core
    #   realtime
    #   typing-inspection
typing-inspection==0.4.2
    # via pydantic
urllib3==2.6.3
    # via
    #   requests
    #   xero-python
uuid-utils==0.14.1
    # via
    #   langchain-core
    #   langsmith
voyageai==0.3.7
    # via -r scripts/requirements.txt
websockets==15.0.1
    # via realtime
xero-python==11.0.0
    # via -r scripts/requirements.txt
xxhash==3.6.0
    # via langsmith
yarl==1.23.0
    # via
    #   aiohttp
    #   postgrest
    #   storage3
    #   supabase
    #   supabase-functions
zstandard==0.25.0
    # via
    #   langsmith
    #   pyiceberg

# The following packages are considered to be unsafe in a requirements file:
# setuptools
